<?xml version="1.0" encoding="utf-8"?>
<Project ToolsVersion="4.0" xmlns="http://schemas.microsoft.com/developer/msbuild/2003">
  <ItemGroup>
    <Filter Include="Network">
      <UniqueIdentifier>{ef7d3cce-f455-46ea-aa58-c041bc510fe9}</UniqueIdentifier>
    </Filter>
    <Filter Include="Database">
      <UniqueIdentifier>{4d2f69a4-22cf-470d-92ef-28bd2ba07cdd}</UniqueIdentifier>
    </Filter>
  </ItemGroup>
  <ItemGroup>
    <ClInclude Include="Server.hpp" />
    <ClInclude Include="NetworkConfig.hpp">
      <Filter>Network</Filter>
    </ClInclude>
    <ClInclude Include="DatabaseExceptions.hpp">
      <Filter>Database</Filter>
    </ClInclude>
    <ClInclude Include="Commands.hpp" />
  </ItemGroup>
  <ItemGroup>
    <ClCompile Include="Server.cpp" />
    <ClCompile Include="NetworkTcpServer.cpp">
      <Filter>Network</Filter>
    </ClCompile>
    <ClCompile Include="Database.cpp">
      <Filter>Database</Filter>
    </ClCompile>
    <ClCompile Include="NetworkConfig.cpp">
      <Filter>Network</Filter>
    </ClCompile>
    <ClCompile Include="DatabaseConfig.cpp">
      <Filter>Database</Filter>
    </ClCompile>
    <ClCompile Include="DatabaseExceptions.cpp">
      <Filter>Database</Filter>
    </ClCompile>
    <ClCompile Include="DatabaseTables.cpp">
      <Filter>Database</Filter>
    </ClCompile>
    <ClCompile Include="main.cpp" />
    <ClCompile Include="serverpch.cpp" />
    <ClCompile Include="MessageExecuter.cpp" />
    <ClCompile Include="Tasks.cpp" />
    <ClCompile Include="Session.cpp" />
  </ItemGroup>
  <ItemGroup>
    <moc_header Include="NetworkTcpServer.hpp">
      <Filter>Network</Filter>
    </moc_header>
    <moc_header Include="Database.hpp">
      <Filter>Database</Filter>
    </moc_header>
    <moc_header Include="DatabaseConfig.hpp">
      <Filter>Database</Filter>
    </moc_header>
    <moc_header Include="DatabaseTables.hpp">
      <Filter>Database</Filter>
    </moc_header>
    <moc_header Include="MessageExecuter.hpp" />
    <moc_header Include="Tasks.h" />
    <moc_header Include="Session.h" />
  </ItemGroup>
</Project>